GEM
  remote: https://rubygems.org/
  specs:
    arkana (2.1.1)
      dotenv (~> 2.7)
      rainbow (~> 3.1.1)
      yaml (~> 0.2)
    dotenv (2.8.1)
    logger (1.7.0)
    rainbow (3.1.1)
    yaml (0.4.0)

PLATFORMS
  arm64-darwin-25
  ruby

DEPENDENCIES
  arkana
  logger

CHECKSUMS
  arkana (2.1.1) sha256=69cf03edd3afa1abfa290dbe3557e006abf66a18bb1c0e5f216e62151ee14543
  dotenv (2.8.1) sha256=c5944793349ae03c432e1780a2ca929d60b88c7d14d52d630db0508c3a8a17d8
  logger (1.7.0) sha256=196edec7cc44b66cfb40f9755ce11b392f21f7967696af15d274dde7edff0203
  rainbow (3.1.1) sha256=039491aa3a89f42efa1d6dec2fc4e62ede96eb6acd95e52f1ad581182b79bc6a
  yaml (0.4.0) sha256=240e69d1e6ce3584d6085978719a0faa6218ae426e034d8f9b02fb54d3471942

BUNDLED WITH
  4.0.3
